PODS:
  - AFNetworking (3.2.1):
    - AFNetworking/NSURLSession (= 3.2.1)
    - AFNetworking/Reachability (= 3.2.1)
    - AFNetworking/Security (= 3.2.1)
    - AFNetworking/Serialization (= 3.2.1)
    - AFNetworking/UIKit (= 3.2.1)
  - AFNetworking/NSURLSession (3.2.1):
    - AFNetworking/Reachability
    - AFNetworking/Security
    - AFNetworking/Serialization
  - AFNetworking/Reachability (3.2.1)
  - AFNetworking/Security (3.2.1)
  - AFNetworking/Serialization (3.2.1)
  - AFNetworking/UIKit (3.2.1):
    - AFNetworking/NSURLSession
  - AMap3DMap (6.4.0):
    - AMapFoundation (~> 1.5)
  - AMapFoundation (1.5.4)
  - AMapLocation (2.6.1):
    - AMapFoundation (~> 1.4)
  - AMapSearch (6.1.1):
    - AMapFoundation (~> 1.4)
  - Appirater (2.3.1)
  - Bugly (2.5.0)
  - IQKeyboardManager (6.1.1)
  - JCore (1.2.2)
  - JPush (3.1.0):
    - JCore (~> 1.2.0)
  - Masonry (1.1.0)
  - MBProgressHUD (1.1.0)
  - MJExtension (3.0.15.1)
  - MJRefresh (3.1.15.7)
  - mob_sharesdk (4.1.4):
    - mob_sharesdk/ShareSDK (= 4.1.4)
    - MOBFoundation
  - mob_sharesdk/ShareSDK (4.1.4):
    - MOBFoundation
  - mob_sharesdk/ShareSDKConfigFile (4.1.4):
    - mob_sharesdk/ShareSDK
    - MOBFoundation
  - mob_sharesdk/ShareSDKExtension (4.1.4):
    - mob_sharesdk/ShareSDK
    - MOBFoundation
  - mob_sharesdk/ShareSDKPlatforms/QQ (4.1.4):
    - mob_sharesdk/ShareSDK
    - MOBFoundation
  - mob_sharesdk/ShareSDKPlatforms/SinaWeibo (4.1.4):
    - mob_sharesdk/ShareSDK
    - MOBFoundation
  - mob_sharesdk/ShareSDKPlatforms/WeChat (4.1.4):
    - mob_sharesdk/ShareSDK
    - MOBFoundation
  - mob_sharesdk/ShareSDKUI (4.1.4):
    - mob_sharesdk/ShareSDK
    - MOBFoundation
  - MOBFoundation (3.1.9)
  - SDAutoLayout (2.2.1)
  - SDCycleScrollView (1.75):
    - SDWebImage (>= 4.0.0)
  - SDWebImage (4.4.2):
    - SDWebImage/Core (= 4.4.2)
  - SDWebImage/Core (4.4.2)
  - SVProgressHUD (2.2.5)
  - WechatOpenSDK (1.8.2)
  - WHC_Model (1.7.0.1)
  - YTKNetwork (2.0.4):
    - AFNetworking (~> 3.0)
  - YYKit (1.0.9):
    - YYKit/no-arc (= 1.0.9)
  - YYKit/no-arc (1.0.9)

DEPENDENCIES:
  - AFNetworking (~> 3.2.1)
  - AMap3DMap (~> 6.4.0)
  - AMapLocation (~> 2.6.1)
  - AMapSearch (~> 6.1.1)
  - Appirater (~> 2.3.1)
  - Bugly (~> 2.5.0)
  - IQKeyboardManager (~> 6.1.1)
  - JPush (~> 3.1.0)
  - Masonry (~> 1.1.0)
  - MBProgressHUD (~> 1.1.0)
  - MJExtension (~> 3.0.15.1)
  - MJRefresh (~> 3.1.15.7)
  - mob_sharesdk (~> 4.1.4)
  - mob_sharesdk/ShareSDKConfigFile
  - mob_sharesdk/ShareSDKExtension
  - mob_sharesdk/ShareSDKPlatforms/QQ
  - mob_sharesdk/ShareSDKPlatforms/SinaWeibo
  - mob_sharesdk/ShareSDKPlatforms/WeChat
  - mob_sharesdk/ShareSDKUI
  - SDAutoLayout (~> 2.2.1)
  - SDCycleScrollView (~> 1.75)
  - SDWebImage (~> 4.4.2)
  - SVProgressHUD (~> 2.2.5)
  - WechatOpenSDK (~> 1.8.2)
  - WHC_Model (~> 1.7.0.1)
  - YTKNetwork (~> 2.0.4)
  - YYKit (~> 1.0.9)

SPEC REPOS:
  https://github.com/cocoapods/specs.git:
    - AFNetworking
    - AMap3DMap
    - AMapFoundation
    - AMapLocation
    - AMapSearch
    - Appirater
    - Bugly
    - IQKeyboardManager
    - JCore
    - JPush
    - Masonry
    - MBProgressHUD
    - MJExtension
    - MJRefresh
    - mob_sharesdk
    - MOBFoundation
    - SDAutoLayout
    - SDCycleScrollView
    - SDWebImage
    - SVProgressHUD
    - WechatOpenSDK
    - WHC_Model
    - YTKNetwork
    - YYKit

SPEC CHECKSUMS:
  AFNetworking: b6f891fdfaed196b46c7a83cf209e09697b94057
  AMap3DMap: ebfb4e202c2bee9c3a6c296264e29f12436b6379
  AMapFoundation: bff8688722e886feda4edd77f1443746ddd7e2e2
  AMapLocation: cf024b53dc03663efb4ea4bcce27d4cce58bb97a
  AMapSearch: 3dcbf85c403a2a0fe0eda5318caabc272b31f5e1
  Appirater: 44a4651f7912a17dc906b655f0c215d5bb768b84
  Bugly: 3ca9f255c01025582df26f9222893b383c7e4b4e
  IQKeyboardManager: 79c57795f5c2408d259d37b9da2ed07efcbb5225
  JCore: f14c0549968a63c22e246a4875aa9d428446f373
  JPush: 5921e25ad13e0386351079217b009f2039084eac
  Masonry: 678fab65091a9290e40e2832a55e7ab731aad201
  MBProgressHUD: e7baa36a220447d8aeb12769bf0585582f3866d9
  MJExtension: 19bc33ce2eee2d319760f5622562cf581a6ff756
  MJRefresh: 697f8ec75ebdbe9207767bb682cf0f51b0d8a41f
  mob_sharesdk: 765cc2fd2fac0a6fd7c3e6c2b10d729ad006c608
  MOBFoundation: 11500153c10d83e4ac341f6ad6301b3998ce6db2
  SDAutoLayout: 8bf6b3bbc8b01f775d4defbb4fda2ace805461be
  SDCycleScrollView: 884b88f0266dd4708a0e1934975c69cb971707b1
  SDWebImage: 624d6e296c69b244bcede364c72ae0430ac14681
  SVProgressHUD: 1428aafac632c1f86f62aa4243ec12008d7a51d6
  WechatOpenSDK: 676feec516a11173eafd1fe64b10d27babf28701
  WHC_Model: 8268100386a9d450fa7ff72e9671910da8334e3f
  YTKNetwork: df8a7a5597bda1664a4efaa7ef871a818a887fe0
  YYKit: 7cda43304a8dc3696c449041e2cb3107b4e236e7

PODFILE CHECKSUM: ff8904dad2b00a14771761e609014d5c2b32befd

COCOAPODS: 1.5.3
